
Microsoft Visual Studio Solution File, Format Version 12.00
# Visual Studio Version 16
VisualStudioVersion = 16.0.31515.178
MinimumVisualStudioVersion = 10.0.40219.1
Project("{FAE04EC0-301F-11D3-BF4B-00C04F79EFBC}") = "VehiculoCommon", "VehiculoCommon\VehiculoCommon.csproj", "{490E425A-028D-4410-A4D8-13DDA72FB7F2}"
EndProject
Project("{FAE04EC0-301F-11D3-BF4B-00C04F79EFBC}") = "VehiculoApi", "VehiculoApi\VehiculoApi.csproj", "{3C620E0A-21E7-4BDE-9504-0D655F7763B9}"
EndProject
Global
	GlobalSection(SolutionConfigurationPlatforms) = preSolution
		Debug|Any CPU = Debug|Any CPU
		Release|Any CPU = Release|Any CPU
	EndGlobalSection
	GlobalSection(ProjectConfigurationPlatforms) = postSolution
		{490E425A-028D-4410-A4D8-13DDA72FB7F2}.Debug|Any CPU.ActiveCfg = Debug|Any CPU
		{490E425A-028D-4410-A4D8-13DDA72FB7F2}.Debug|Any CPU.Build.0 = Debug|Any CPU
		{490E425A-028D-4410-A4D8-13DDA72FB7F2}.Release|Any CPU.ActiveCfg = Release|Any CPU
		{490E425A-028D-4410-A4D8-13DDA72FB7F2}.Release|Any CPU.Build.0 = Release|Any CPU
		{3C620E0A-21E7-4BDE-9504-0D655F7763B9}.Debug|Any CPU.ActiveCfg = Debug|Any CPU
		{3C620E0A-21E7-4BDE-9504-0D655F7763B9}.Debug|Any CPU.Build.0 = Debug|Any CPU
		{3C620E0A-21E7-4BDE-9504-0D655F7763B9}.Release|Any CPU.ActiveCfg = Release|Any CPU
		{3C620E0A-21E7-4BDE-9504-0D655F7763B9}.Release|Any CPU.Build.0 = Release|Any CPU
	EndGlobalSection
	GlobalSection(SolutionProperties) = preSolution
		HideSolutionNode = FALSE
	EndGlobalSection
	GlobalSection(ExtensibilityGlobals) = postSolution
		SolutionGuid = {43012481-F072-48FB-817F-92EE0EDBE2DB}
	EndGlobalSection
EndGlobal
